
Microsoft Visual Studio Solution File, Format Version 12.00
Project("{FAE04EC0-301F-11D3-BF4B-00C04F79EFBC}") = "Stuck_in_a_loop_challange", "Stuck_in_a_loop_challange.csproj", "{4D24CAD6-A9C4-40E4-8CC7-72C764FFAAF1}"
EndProject
Global
	GlobalSection(SolutionConfigurationPlatforms) = preSolution
		Debug|Any CPU = Debug|Any CPU
		Release|Any CPU = Release|Any CPU
	EndGlobalSection
	GlobalSection(ProjectConfigurationPlatforms) = postSolution
		{4D24CAD6-A9C4-40E4-8CC7-72C764FFAAF1}.Debug|Any CPU.ActiveCfg = Debug|Any CPU
		{4D24CAD6-A9C4-40E4-8CC7-72C764FFAAF1}.Debug|Any CPU.Build.0 = Debug|Any CPU
		{4D24CAD6-A9C4-40E4-8CC7-72C764FFAAF1}.Release|Any CPU.ActiveCfg = Release|Any CPU
		{4D24CAD6-A9C4-40E4-8CC7-72C764FFAAF1}.Release|Any CPU.Build.0 = Release|Any CPU
	EndGlobalSection
EndGlobal
